
Microsoft Visual Studio Solution File, Format Version 12.00
# Visual Studio Version 16
VisualStudioVersion = 16.0.31409.214
MinimumVisualStudioVersion = 10.0.40219.1
Project("{FAE04EC0-301F-11D3-BF4B-00C04F79EFBC}") = "Lab4_2ObjectPractice", "Lab4_2ObjectPractice\Lab4_2ObjectPractice.csproj", "{F89F6F0C-2FDA-49A2-8EE6-6308F334686D}"
EndProject
Project("{2150E333-8FDC-42A3-9474-1A3956D46DE8}") = "Solution Items", "Solution Items", "{D37B4064-1C04-48AC-B567-4018129647EE}"
	ProjectSection(SolutionItems) = preProject
		.gitignore = .gitignore
	EndProjectSection
EndProject
Global
	GlobalSection(SolutionConfigurationPlatforms) = preSolution
		Debug|Any CPU = Debug|Any CPU
		Release|Any CPU = Release|Any CPU
	EndGlobalSection
	GlobalSection(ProjectConfigurationPlatforms) = postSolution
		{F89F6F0C-2FDA-49A2-8EE6-6308F334686D}.Debug|Any CPU.ActiveCfg = Debug|Any CPU
		{F89F6F0C-2FDA-49A2-8EE6-6308F334686D}.Debug|Any CPU.Build.0 = Debug|Any CPU
		{F89F6F0C-2FDA-49A2-8EE6-6308F334686D}.Release|Any CPU.ActiveCfg = Release|Any CPU
		{F89F6F0C-2FDA-49A2-8EE6-6308F334686D}.Release|Any CPU.Build.0 = Release|Any CPU
	EndGlobalSection
	GlobalSection(SolutionProperties) = preSolution
		HideSolutionNode = FALSE
	EndGlobalSection
	GlobalSection(ExtensibilityGlobals) = postSolution
		SolutionGuid = {27224196-77E9-4EEA-B9E2-97F9C5C8F40F}
	EndGlobalSection
EndGlobal
